
Microsoft Visual Studio Solution File, Format Version 12.00
# Visual Studio Version 16
VisualStudioVersion = 16.0.31613.86
MinimumVisualStudioVersion = 10.0.40219.1
Project("{FAE04EC0-301F-11D3-BF4B-00C04F79EFBC}") = "ConsoleApp1", "ConsoleApp1\ConsoleApp1.csproj", "{7E6D36E8-D44C-49DD-A605-33D2B6DFBEBC}"
EndProject
Project("{FAE04EC0-301F-11D3-BF4B-00C04F79EFBC}") = "Fibo", "Fibo\Fibo.csproj", "{EE34861D-D9F3-4EBE-A26B-3BDC3E7E9FE2}"
EndProject
Global
	GlobalSection(SolutionConfigurationPlatforms) = preSolution
		Debug|Any CPU = Debug|Any CPU
		Release|Any CPU = Release|Any CPU
	EndGlobalSection
	GlobalSection(ProjectConfigurationPlatforms) = postSolution
		{7E6D36E8-D44C-49DD-A605-33D2B6DFBEBC}.Debug|Any CPU.ActiveCfg = Debug|Any CPU
		{7E6D36E8-D44C-49DD-A605-33D2B6DFBEBC}.Debug|Any CPU.Build.0 = Debug|Any CPU
		{7E6D36E8-D44C-49DD-A605-33D2B6DFBEBC}.Release|Any CPU.ActiveCfg = Release|Any CPU
		{7E6D36E8-D44C-49DD-A605-33D2B6DFBEBC}.Release|Any CPU.Build.0 = Release|Any CPU
		{EE34861D-D9F3-4EBE-A26B-3BDC3E7E9FE2}.Debug|Any CPU.ActiveCfg = Debug|Any CPU
		{EE34861D-D9F3-4EBE-A26B-3BDC3E7E9FE2}.Debug|Any CPU.Build.0 = Debug|Any CPU
		{EE34861D-D9F3-4EBE-A26B-3BDC3E7E9FE2}.Release|Any CPU.ActiveCfg = Release|Any CPU
		{EE34861D-D9F3-4EBE-A26B-3BDC3E7E9FE2}.Release|Any CPU.Build.0 = Release|Any CPU
	EndGlobalSection
	GlobalSection(SolutionProperties) = preSolution
		HideSolutionNode = FALSE
	EndGlobalSection
	GlobalSection(ExtensibilityGlobals) = postSolution
		SolutionGuid = {4C46090A-8752-4D30-ABA6-FEFF3A070991}
	EndGlobalSection
EndGlobal
